{
  "name": "esalike",
  "version": "0.0.1",
  "lockfileVersion": 2,
  "requires": true,
  "packages": {
    "": {
      "name": "esalike",
      "version": "0.0.1",
      "license": "MIT",
      "dependencies": {
        "jquery": "^3.6.1",
        "jquery.selection": "^0.1.2"
      }
    },
    "node_modules/jquery": {
      "version": "3.6.1",
      "resolved": "https://registry.npmjs.org/jquery/-/jquery-3.6.1.tgz",
      "integrity": "sha512-opJeO4nCucVnsjiXOE+/PcCgYw9Gwpvs/a6B1LL/lQhwWwpbVEVYDZ1FokFr8PRc7ghYlrFPuyHuiiDNTQxmcw=="
    },
    "node_modules/jquery.selection": {
      "version": "0.1.2",
      "resolved": "https://registry.npmjs.org/jquery.selection/-/jquery.selection-0.1.2.tgz",
      "integrity": "sha512-q5R5NPLNsUB7SzV8REd21FSNu2e00WQxMgiAoBtz3VcYKQgoSN1QzuAggb/wYk619T6QSng3GKViw2T/0Y5I9g==",
      "dependencies": {
        "jquery": "~2.1.0"
      }
    },
    "node_modules/jquery.selection/node_modules/jquery": {
      "version": "2.1.4",
      "resolved": "https://registry.npmjs.org/jquery/-/jquery-2.1.4.tgz",
      "integrity": "sha512-wWR+eCq/T/Qt0NcFyM+QVho0ZVzWxFYANijmSMImXiM5mjr1aOaf4SF0eOEPc92bbK2L2vDpxw3lIszus7eO8Q=="
    }
  },
  "dependencies": {
    "jquery": {
      "version": "3.6.1",
      "resolved": "https://registry.npmjs.org/jquery/-/jquery-3.6.1.tgz",
      "integrity": "sha512-opJeO4nCucVnsjiXOE+/PcCgYw9Gwpvs/a6B1LL/lQhwWwpbVEVYDZ1FokFr8PRc7ghYlrFPuyHuiiDNTQxmcw=="
    },
    "jquery.selection": {
      "version": "0.1.2",
      "resolved": "https://registry.npmjs.org/jquery.selection/-/jquery.selection-0.1.2.tgz",
      "integrity": "sha512-q5R5NPLNsUB7SzV8REd21FSNu2e00WQxMgiAoBtz3VcYKQgoSN1QzuAggb/wYk619T6QSng3GKViw2T/0Y5I9g==",
      "requires": {
        "jquery": "~2.1.0"
      },
      "dependencies": {
        "jquery": {
          "version": "2.1.4",
          "resolved": "https://registry.npmjs.org/jquery/-/jquery-2.1.4.tgz",
          "integrity": "sha512-wWR+eCq/T/Qt0NcFyM+QVho0ZVzWxFYANijmSMImXiM5mjr1aOaf4SF0eOEPc92bbK2L2vDpxw3lIszus7eO8Q=="
        }
      }
    }
  }
}
